
Microsoft Visual Studio Solution File, Format Version 12.00
# Visual Studio Version 16
VisualStudioVersion = 16.0.31129.286
MinimumVisualStudioVersion = 10.0.40219.1
Project("{9A19103F-16F7-4668-BE54-9A1E7A4F7556}") = "Lundeen_LinkedListSearch", "Lundeen_LinkedListSearch\Lundeen_LinkedListSearch.csproj", "{8FC5A4FE-48E4-4F46-9DBE-E6D5A746D89C}"
EndProject
Global
	GlobalSection(SolutionConfigurationPlatforms) = preSolution
		Debug|Any CPU = Debug|Any CPU
		Release|Any CPU = Release|Any CPU
	EndGlobalSection
	GlobalSection(ProjectConfigurationPlatforms) = postSolution
		{8FC5A4FE-48E4-4F46-9DBE-E6D5A746D89C}.Debug|Any CPU.ActiveCfg = Debug|Any CPU
		{8FC5A4FE-48E4-4F46-9DBE-E6D5A746D89C}.Debug|Any CPU.Build.0 = Debug|Any CPU
		{8FC5A4FE-48E4-4F46-9DBE-E6D5A746D89C}.Release|Any CPU.ActiveCfg = Release|Any CPU
		{8FC5A4FE-48E4-4F46-9DBE-E6D5A746D89C}.Release|Any CPU.Build.0 = Release|Any CPU
	EndGlobalSection
	GlobalSection(SolutionProperties) = preSolution
		HideSolutionNode = FALSE
	EndGlobalSection
	GlobalSection(ExtensibilityGlobals) = postSolution
		SolutionGuid = {D0E447AA-4F02-40A2-8C51-FD43B2BB16D1}
	EndGlobalSection
EndGlobal
